
Microsoft Visual Studio Solution File, Format Version 12.00
# Visual Studio Version 16
VisualStudioVersion = 16.0.31911.196
MinimumVisualStudioVersion = 10.0.40219.1
Project("{9A19103F-16F7-4668-BE54-9A1E7A4F7556}") = "FacetsTest", "FacetsTest\FacetsTest.csproj", "{D4051242-06F1-4EC7-A833-3EE77A821ADF}"
EndProject
Project("{FAE04EC0-301F-11D3-BF4B-00C04F79EFBC}") = "FacetsTest.TestCases", "FacetsTest.TestCases\FacetsTest.TestCases.csproj", "{89DFD57B-A9DC-4056-BF95-2CA328020367}"
EndProject
Global
	GlobalSection(SolutionConfigurationPlatforms) = preSolution
		Debug|Any CPU = Debug|Any CPU
		Release|Any CPU = Release|Any CPU
	EndGlobalSection
	GlobalSection(ProjectConfigurationPlatforms) = postSolution
		{D4051242-06F1-4EC7-A833-3EE77A821ADF}.Debug|Any CPU.ActiveCfg = Debug|Any CPU
		{D4051242-06F1-4EC7-A833-3EE77A821ADF}.Debug|Any CPU.Build.0 = Debug|Any CPU
		{D4051242-06F1-4EC7-A833-3EE77A821ADF}.Release|Any CPU.ActiveCfg = Release|Any CPU
		{D4051242-06F1-4EC7-A833-3EE77A821ADF}.Release|Any CPU.Build.0 = Release|Any CPU
		{89DFD57B-A9DC-4056-BF95-2CA328020367}.Debug|Any CPU.ActiveCfg = Debug|Any CPU
		{89DFD57B-A9DC-4056-BF95-2CA328020367}.Debug|Any CPU.Build.0 = Debug|Any CPU
		{89DFD57B-A9DC-4056-BF95-2CA328020367}.Release|Any CPU.ActiveCfg = Release|Any CPU
		{89DFD57B-A9DC-4056-BF95-2CA328020367}.Release|Any CPU.Build.0 = Release|Any CPU
	EndGlobalSection
	GlobalSection(SolutionProperties) = preSolution
		HideSolutionNode = FALSE
	EndGlobalSection
	GlobalSection(ExtensibilityGlobals) = postSolution
		SolutionGuid = {A1EB27B5-91FD-41BA-86FF-1832B6E33C29}
	EndGlobalSection
EndGlobal
